dependencies:
- name: refarch-machinesets
  repository: https://ncolon.github.io/refarch-ocp4-gitops
  version: 0.1.4
- name: refarch-storageconfig
  repository: https://ncolon.github.io/refarch-ocp4-gitops
  version: 0.1.4
- name: refarch-infraconfig
  repository: https://ncolon.github.io/refarch-ocp4-gitops
  version: 0.1.4
digest: sha256:18d6ad199b23d1c639e66a21c2f859300b4afbdcc7a990af7383be783bb68162
generated: "2021-03-11T18:46:39.878552-04:00"
